<?xml version="1.0" encoding="utf-8"?>
<Project ToolsVersion="4.0" xmlns="http://schemas.microsoft.com/developer/msbuild/2003">
  <ItemGroup>
    <Filter Include="Header Files">
      <UniqueIdentifier>{cba66dfb-6724-4f1c-af49-a6c1cfa218cf}</UniqueIdentifier>
    </Filter>
    <Filter Include="Source FIles">
      <UniqueIdentifier>{8104a676-372f-43b5-93ce-777fbbeef52b}</UniqueIdentifier>
    </Filter>
  </ItemGroup>
  <ItemGroup>
    <ClInclude Include="$(MSBuildThisFileDirectory)MemoryMappedFile.h">
      <Filter>Header Files</Filter>
    </ClInclude>
    <ClInclude Include="$(MSBuildThisFileDirectory)MemoryMappedFiles.h">
      <Filter>Header Files</Filter>
    </ClInclude>
    <ClInclude Include="$(MSBuildThisFileDirectory)MemoryMappedFileException.h">
      <Filter>Header Files</Filter>
    </ClInclude>
    <ClInclude Include="$(MSBuildThisFileDirectory)MemoryMappedFileViewer.h">
      <Filter>Header Files</Filter>
    </ClInclude>
  </ItemGroup>
  <ItemGroup>
    <ClCompile Include="$(MSBuildThisFileDirectory)MemoryMappedFile.cpp">
      <Filter>Source FIles</Filter>
    </ClCompile>
    <ClCompile Include="$(MSBuildThisFileDirectory)MemoryMappedFileException.cpp">
      <Filter>Source FIles</Filter>
    </ClCompile>
    <ClCompile Include="$(MSBuildThisFileDirectory)MemoryMappedFileViewer.cpp">
      <Filter>Source FIles</Filter>
    </ClCompile>
  </ItemGroup>
</Project>